
Microsoft Visual Studio Solution File, Format Version 12.00
# Visual Studio 15
VisualStudioVersion = 15.0.25123.0
MinimumVisualStudioVersion = 10.0.40219.1
Project("{FAE04EC0-301F-11D3-BF4B-00C04F79EFBC}") = "DokanNet.net4.0", "DokanNet\DokanNet.net4.0.csproj", "{A09B408A-26A0-4FF8-83D5-6E1B1DA5F63C}"
EndProject
Project("{FAE04EC0-301F-11D3-BF4B-00C04F79EFBC}") = "DokanNet.net4.6", "DokanNet\DokanNet.net4.6.csproj", "{7EAF58F3-ECB0-4B08-B457-C1FD87CCE459}"
	ProjectSection(ProjectDependencies) = postProject
		{A09B408A-26A0-4FF8-83D5-6E1B1DA5F63C} = {A09B408A-26A0-4FF8-83D5-6E1B1DA5F63C}
	EndProjectSection
EndProject
Project("{FAE04EC0-301F-11D3-BF4B-00C04F79EFBC}") = "DokanNet.Tests", "DokanNet.Tests\DokanNet.Tests.csproj", "{65806CB3-BC11-4E5B-8DCB-58826A49FBBF}"
EndProject
Project("{2150E333-8FDC-42A3-9474-1A3956D46DE8}") = "sample", "sample", "{6AF2183D-1D93-414C-8FAC-C97E60078F4C}"
EndProject
Project("{FAE04EC0-301F-11D3-BF4B-00C04F79EFBC}") = "DokanNetMirror", "sample\DokanNetMirror\DokanNetMirror.csproj", "{01247A47-387C-4BB4-8068-31CB3F16BD9F}"
EndProject
Project("{FAE04EC0-301F-11D3-BF4B-00C04F79EFBC}") = "RegistryFS", "sample\RegistryFS\RegistryFS.csproj", "{70607B9C-A662-4BEC-89B1-57ABD4E25B2B}"
EndProject
Project("{2150E333-8FDC-42A3-9474-1A3956D46DE8}") = "Solution Items", "Solution Items", "{D685023A-6DCE-4CC5-8468-8A0E672E2ACC}"
	ProjectSection(SolutionItems) = preProject
		appveyor.yml = appveyor.yml
		CHANGELOG.md = CHANGELOG.md
		README.md = README.md
	EndProjectSection
EndProject
Project("{2150E333-8FDC-42A3-9474-1A3956D46DE8}") = "documentations", "documentations", "{CD7C8139-B069-4C41-86EE-8D0F8BD24191}"
	ProjectSection(SolutionItems) = preProject
		DokanNet\documentations\Doxyfile = DokanNet\documentations\Doxyfile
		DokanNet\documentations\mainpage.md = DokanNet\documentations\mainpage.md
	EndProjectSection
EndProject
Project("{2150E333-8FDC-42A3-9474-1A3956D46DE8}") = "resources", "resources", "{F4BC71C8-E83F-499B-8E6F-4FB9B2F5972A}"
	ProjectSection(SolutionItems) = preProject
		DokanNet\documentations\resources\customdoxygen.css = DokanNet\documentations\resources\customdoxygen.css
		DokanNet\documentations\resources\doxy-boot.js = DokanNet\documentations\resources\doxy-boot.js
		DokanNet\documentations\resources\footer.html = DokanNet\documentations\resources\footer.html
		DokanNet\documentations\resources\header.html = DokanNet\documentations\resources\header.html
	EndProjectSection
EndProject
Global
	GlobalSection(SolutionConfigurationPlatforms) = preSolution
		Debug|Any CPU = Debug|Any CPU
		Release|Any CPU = Release|Any CPU
	EndGlobalSection
	GlobalSection(ProjectConfigurationPlatforms) = postSolution
		{A09B408A-26A0-4FF8-83D5-6E1B1DA5F63C}.Debug|Any CPU.ActiveCfg = Debug|Any CPU
		{A09B408A-26A0-4FF8-83D5-6E1B1DA5F63C}.Debug|Any CPU.Build.0 = Debug|Any CPU
		{A09B408A-26A0-4FF8-83D5-6E1B1DA5F63C}.Release|Any CPU.ActiveCfg = Release|Any CPU
		{A09B408A-26A0-4FF8-83D5-6E1B1DA5F63C}.Release|Any CPU.Build.0 = Release|Any CPU
		{7EAF58F3-ECB0-4B08-B457-C1FD87CCE459}.Debug|Any CPU.ActiveCfg = Debug|Any CPU
		{7EAF58F3-ECB0-4B08-B457-C1FD87CCE459}.Debug|Any CPU.Build.0 = Debug|Any CPU
		{7EAF58F3-ECB0-4B08-B457-C1FD87CCE459}.Release|Any CPU.ActiveCfg = Release|Any CPU
		{7EAF58F3-ECB0-4B08-B457-C1FD87CCE459}.Release|Any CPU.Build.0 = Release|Any CPU
		{65806CB3-BC11-4E5B-8DCB-58826A49FBBF}.Debug|Any CPU.ActiveCfg = Debug|Any CPU
		{65806CB3-BC11-4E5B-8DCB-58826A49FBBF}.Debug|Any CPU.Build.0 = Debug|Any CPU
		{65806CB3-BC11-4E5B-8DCB-58826A49FBBF}.Release|Any CPU.ActiveCfg = Release|Any CPU
		{65806CB3-BC11-4E5B-8DCB-58826A49FBBF}.Release|Any CPU.Build.0 = Release|Any CPU
		{01247A47-387C-4BB4-8068-31CB3F16BD9F}.Debug|Any CPU.ActiveCfg = Debug|Any CPU
		{01247A47-387C-4BB4-8068-31CB3F16BD9F}.Debug|Any CPU.Build.0 = Debug|Any CPU
		{01247A47-387C-4BB4-8068-31CB3F16BD9F}.Release|Any CPU.ActiveCfg = Release|Any CPU
		{01247A47-387C-4BB4-8068-31CB3F16BD9F}.Release|Any CPU.Build.0 = Release|Any CPU
		{70607B9C-A662-4BEC-89B1-57ABD4E25B2B}.Debug|Any CPU.ActiveCfg = Debug|Any CPU
		{70607B9C-A662-4BEC-89B1-57ABD4E25B2B}.Debug|Any CPU.Build.0 = Debug|Any CPU
		{70607B9C-A662-4BEC-89B1-57ABD4E25B2B}.Release|Any CPU.ActiveCfg = Release|Any CPU
		{70607B9C-A662-4BEC-89B1-57ABD4E25B2B}.Release|Any CPU.Build.0 = Release|Any CPU
	EndGlobalSection
	GlobalSection(SolutionProperties) = preSolution
		HideSolutionNode = FALSE
	EndGlobalSection
	GlobalSection(NestedProjects) = preSolution
		{01247A47-387C-4BB4-8068-31CB3F16BD9F} = {6AF2183D-1D93-414C-8FAC-C97E60078F4C}
		{70607B9C-A662-4BEC-89B1-57ABD4E25B2B} = {6AF2183D-1D93-414C-8FAC-C97E60078F4C}
		{F4BC71C8-E83F-499B-8E6F-4FB9B2F5972A} = {CD7C8139-B069-4C41-86EE-8D0F8BD24191}
	EndGlobalSection
EndGlobal
